
Microsoft Visual Studio Solution File, Format Version 12.00
# Visual Studio Version 17
VisualStudioVersion = 17.9.34607.119
MinimumVisualStudioVersion = 10.0.40219.1
Project("{FAE04EC0-301F-11D3-BF4B-00C04F79EFBC}") = "C# avatar maker app 07", "C# avatar maker app 07\C# avatar maker app 07.csproj", "{8720E7D7-531F-47B2-943D-09A12A9DCC88}"
EndProject
Global
	GlobalSection(SolutionConfigurationPlatforms) = preSolution
		Debug|Any CPU = Debug|Any CPU
		Release|Any CPU = Release|Any CPU
	EndGlobalSection
	GlobalSection(ProjectConfigurationPlatforms) = postSolution
		{8720E7D7-531F-47B2-943D-09A12A9DCC88}.Debug|Any CPU.ActiveCfg = Debug|Any CPU
		{8720E7D7-531F-47B2-943D-09A12A9DCC88}.Debug|Any CPU.Build.0 = Debug|Any CPU
		{8720E7D7-531F-47B2-943D-09A12A9DCC88}.Release|Any CPU.ActiveCfg = Release|Any CPU
		{8720E7D7-531F-47B2-943D-09A12A9DCC88}.Release|Any CPU.Build.0 = Release|Any CPU
	EndGlobalSection
	GlobalSection(SolutionProperties) = preSolution
		HideSolutionNode = FALSE
	EndGlobalSection
	GlobalSection(ExtensibilityGlobals) = postSolution
		SolutionGuid = {B484EA26-584B-4225-8AA2-F64D201593B0}
	EndGlobalSection
EndGlobal
